// !$*UTF8*$!
{
	archiveVersion = 1;
	classes = {
	};
	objectVersion = 46;
	objects = {

/* Begin PBXBuildFile section */
		6358553F1CF4AAF300BB75CC /* AppDelegate.swift in Sources */ = {isa = PBXBuildFile; fileRef = 6358553E1CF4AAF300BB75CC /* AppDelegate.swift */; };
		635855411CF4AAF300BB75CC /* ViewController.swift in Sources */ = {isa = PBXBuildFile; fileRef = 635855401CF4AAF300BB75CC /* ViewController.swift */; };
		635855441CF4AAF300BB75CC /* Main.storyboard in Resources */ = {isa = PBXBuildFile; fileRef = 635855421CF4AAF300BB75CC /* Main.storyboard */; };
		635855461CF4AAF300BB75CC /* Assets.xcassets in Resources */ = {isa = PBXBuildFile; fileRef = 635855451CF4AAF300BB75CC /* Assets.xcassets */; };
		635855491CF4AAF300BB75CC /* LaunchScreen.storyboard in Resources */ = {isa = PBXBuildFile; fileRef = 635855471CF4AAF300BB75CC /* LaunchScreen.storyboard */; };
/* End PBXBuildFile section */

/* Begin PBXFileReference section */
		6358553B1CF4AAF300BB75CC /* EmotionRecorder.app */ = {isa = PBXFileReference; explicitFileType = wrapper.application; includeInIndex = 0; path = EmotionRecorder.app; sourceTree = BUILT_PRODUCTS_DIR; };
		6358553E1CF4AAF300BB75CC /* AppDelegate.swift */ = {isa = PBXFileReference; lastKnownFileType = sourcecode.swift; path = AppDelegate.swift; sourceTree = "<group>"; };
		635855401CF4AAF300BB75CC /* ViewController.swift */ = {isa = PBXFileReference; lastKnownFileType = sourcecode.swift; path = ViewController.swift; sourceTree = "<group>"; };
		635855431CF4AAF300BB75CC /* Base */ = {isa = PBXFileReference; lastKnownFileType = file.storyboard; name = Base; path = Base.lproj/Main.storyboard; sourceTree = "<group>"; };
		635855451CF4AAF300BB75CC /* Assets.xcassets */ = {isa = PBXFileReference; lastKnownFileType = folder.assetcatalog; path = Assets.xcassets; sourceTree = "<group>"; };
		635855481CF4AAF300BB75CC /* Base */ = {isa = PBXFileReference; lastKnownFileType = file.storyboard; name = Base; path = Base.lproj/LaunchScreen.storyboard; sourceTree = "<group>"; };
		6358554A1CF4AAF300BB75CC /* Info.plist */ = {isa = PBXFileReference; lastKnownFileType = text.plist.xml; path = Info.plist; sourceTree = "<group>"; };
/* End PBXFileReference section */

/* Begin PBXFrameworksBuildPhase section */
		635855381CF4AAF300BB75CC /* Frameworks */ = {
			isa = PBXFrameworksBuildPhase;
			buildActionMask = 2147483647;
			files = (
			);
			runOnlyForDeploymentPostprocessing = 0;
		};
/* End PBXFrameworksBuildPhase section */

/* Begin PBXGroup section */
		635855321CF4AAF300BB75CC = {
			isa = PBXGroup;
			children = (
				6358553D1CF4AAF300BB75CC /* EmotionRecorder */,
				6358553C1CF4AAF300BB75CC /* Products */,
			);
			sourceTree = "<group>";
		};
		6358553C1CF4AAF300BB75CC /* Products */ = {
			isa = PBXGroup;
			children = (
				6358553B1CF4AAF300BB75CC /* EmotionRecorder.app */,
			);
			name = Products;
			sourceTree = "<group>";
		};
		6358553D1CF4AAF300BB75CC /* EmotionRecorder */ = {
			isa = PBXGroup;
			children = (
				6358553E1CF4AAF300BB75CC /* AppDelegate.swift */,
				635855401CF4AAF300BB75CC /* ViewController.swift */,
				635855421CF4AAF300BB75CC /* Main.storyboard */,
				635855451CF4AAF300BB75CC /* Assets.xcassets */,
				635855471CF4AAF300BB75CC /* LaunchScreen.storyboard */,
				6358554A1CF4AAF300BB75CC /* Info.plist */,
			);
			path = EmotionRecorder;
			sourceTree = "<group>";
		};
/* End PBXGroup section */

/* Begin PBXNativeTarget section */
		6358553A1CF4AAF300BB75CC /* EmotionRecorder */ = {
			isa = PBXNativeTarget;
			buildConfigurationList = 6358554D1CF4AAF300BB75CC /* Build configuration list for PBXNativeTarget "EmotionRecorder" */;
			buildPhases = (
				635855371CF4AAF300BB75CC /* Sources */,
				635855381CF4AAF300BB75CC /* Frameworks */,
				635855391CF4AAF300BB75CC /* Resources */,
			);
			buildRules = (
			);
			dependencies = (
			);
			name = EmotionRecorder;
			productName = EmotionRecorder;
			productReference = 6358553B1CF4AAF300BB75CC /* EmotionRecorder.app */;
			productType = "com.apple.product-type.application";
		};
/* End PBXNativeTarget section */

/* Begin PBXProject section */
		635855331CF4AAF300BB75CC /* Project object */ = {
			isa = PBXProject;
			attributes = {
				LastSwiftUpdateCheck = 0730;
				LastUpgradeCheck = 0730;
				ORGANIZATIONNAME = "Cody Li";
				TargetAttributes = {
					6358553A1CF4AAF300BB75CC = {
						CreatedOnToolsVersion = 7.3;
						DevelopmentTeam = UFU9JELR9E;
					};
				};
			};
			buildConfigurationList = 635855361CF4AAF300BB75CC /* Build configuration list for PBXProject "EmotionRecorder" */;
			compatibilityVersion = "Xcode 3.2";
			developmentRegion = English;
			hasScannedForEncodings = 0;
			knownRegions = (
				en,
				Base,
			);
			mainGroup = 635855321CF4AAF300BB75CC;
			productRefGroup = 6358553C1CF4AAF300BB75CC /* Products */;
			projectDirPath = "";
			projectRoot = "";
			targets = (
				6358553A1CF4AAF300BB75CC /* EmotionRecorder */,
			);
		};
/* End PBXProject section */

/* Begin PBXResourcesBuildPhase section */
		635855391CF4AAF300BB75CC /* Resources */ = {
			isa = PBXResourcesBuildPhase;
			buildActionMask = 2147483647;
			files = (
				635855491CF4AAF300BB75CC /* LaunchScreen.storyboard in Resources */,
				635855461CF4AAF300BB75CC /* Assets.xcassets in Resources */,
				635855441CF4AAF300BB75CC /* Main.storyboard in Resources */,
			);
			runOnlyForDeploymentPostprocessing = 0;
		};
/* End PBXResourcesBuildPhase section */

/* Begin PBXSourcesBuildPhase section */
		635855371CF4AAF300BB75CC /* Sources */ = {
			isa = PBXSourcesBuildPhase;
			buildActionMask = 2147483647;
			files = (
				635855411CF4AAF300BB75CC /* ViewController.swift in Sources */,
				6358553F1CF4AAF300BB75CC /* AppDelegate.swift in Sources */,
			);
			runOnlyForDeploymentPostprocessing = 0;
		};
/* End PBXSourcesBuildPhase section */

/* Begin PBXVariantGroup section */
		635855421CF4AAF300BB75CC /* Main.storyboard */ = {
			isa = PBXVariantGroup;
			children = (
				635855431CF4AAF300BB75CC /* Base */,
			);
			name = Main.storyboard;
			sourceTree = "<group>";
		};
		635855471CF4AAF300BB75CC /* LaunchScreen.storyboard */ = {
			isa = PBXVariantGroup;
			children = (
				635855481CF4AAF300BB75CC /* Base */,
			);
			name = LaunchScreen.storyboard;
			sourceTree = "<group>";
		};
/* End PBXVariantGroup section */

/* Begin XCBuildConfiguration section */
		6358554B1CF4AAF300BB75CC /* Debug */ = {
			isa = XCBuildConfiguration;
			buildSettings = {
				ALWAYS_SEARCH_USER_PATHS = NO;
				CLANG_ANALYZER_NONNULL = YES;
				CLANG_CXX_LANGUAGE_STANDARD = "gnu++0x";
				CLANG_CXX_LIBRARY = "libc++";
				CLANG_ENABLE_MODULES = YES;
				CLANG_ENABLE_OBJC_ARC = YES;
				CLANG_WARN_BOOL_CONVERSION = YES;
				CLANG_WARN_CONSTANT_CONVERSION = YES;
				CLANG_WARN_DIRECT_OBJC_ISA_USAGE = YES_ERROR;
				CLANG_WARN_EMPTY_BODY = YES;
				CLANG_WARN_ENUM_CONVERSION = YES;
				CLANG_WARN_INT_CONVERSION = YES;
				CLANG_WARN_OBJC_ROOT_CLASS = YES_ERROR;
				CLANG_WARN_UNREACHABLE_CODE = YES;
				CLANG_WARN__DUPLICATE_METHOD_MATCH = YES;
				"CODE_SIGN_IDENTITY[sdk=iphoneos*]" = "iPhone Developer";
				COPY_PHASE_STRIP = NO;
				DEBUG_INFORMATION_FORMAT = dwarf;
				ENABLE_STRICT_OBJC_MSGSEND = YES;
				ENABLE_TESTABILITY = YES;
				GCC_C_LANGUAGE_STANDARD = gnu99;
				GCC_DYNAMIC_NO_PIC = NO;
				GCC_NO_COMMON_BLOCKS = YES;
				GCC_OPTIMIZATION_LEVEL = 0;
				GCC_PREPROCESSOR_DEFINITIONS = (
					"DEBUG=1",
					"$(inherited)",
				);
				GCC_WARN_64_TO_32_BIT_CONVERSION = YES;
				GCC_WARN_ABOUT_RETURN_TYPE = YES_ERROR;
				GCC_WARN_UNDECLARED_SELECTOR = YES;
				GCC_WARN_UNINITIALIZED_AUTOS = YES_AGGRESSIVE;
				GCC_WARN_UNUSED_FUNCTION = YES;
				GCC_WARN_UNUSED_VARIABLE = YES;
				IPHONEOS_DEPLOYMENT_TARGET = 9.3;
				MTL_ENABLE_DEBUG_INFO = YES;
				ONLY_ACTIVE_ARCH = YES;
				SDKROOT = iphoneos;
				SWIFT_OPTIMIZATION_LEVEL = "-Onone";
			};
			name = Debug;
		};
		6358554C1CF4AAF300BB75CC /* Release */ = {
			isa = XCBuildConfiguration;
			buildSettings = {
				ALWAYS_SEARCH_USER_PATHS = NO;
				CLANG_ANALYZER_NONNULL = YES;
				CLANG_CXX_LANGUAGE_STANDARD = "gnu++0x";
				CLANG_CXX_LIBRARY = "libc++";
				CLANG_ENABLE_MODULES = YES;
				CLANG_ENABLE_OBJC_ARC = YES;
				CLANG_WARN_BOOL_CONVERSION = YES;
				CLANG_WARN_CONSTANT_CONVERSION = YES;
				CLANG_WARN_DIRECT_OBJC_ISA_USAGE = YES_ERROR;
				CLANG_WARN_EMPTY_BODY = YES;
				CLANG_WARN_ENUM_CONVERSION = YES;
				CLANG_WARN_INT_CONVERSION = YES;
				CLANG_WARN_OBJC_ROOT_CLASS = YES_ERROR;
				CLANG_WARN_UNREACHABLE_CODE = YES;
				CLANG_WARN__DUPLICATE_METHOD_MATCH = YES;
				"CODE_SIGN_IDENTITY[sdk=iphoneos*]" = "iPhone Developer";
				COPY_PHASE_STRIP = NO;
				DEBUG_INFORMATION_FORMAT = "dwarf-with-dsym";
				ENABLE_NS_ASSERTIONS = NO;
				ENABLE_STRICT_OBJC_MSGSEND = YES;
				GCC_C_LANGUAGE_STANDARD = gnu99;
				GCC_NO_COMMON_BLOCKS = YES;
				GCC_WARN_64_TO_32_BIT_CONVERSION = YES;
				GCC_WARN_ABOUT_RETURN_TYPE = YES_ERROR;
				GCC_WARN_UNDECLARED_SELECTOR = YES;
				GCC_WARN_UNINITIALIZED_AUTOS = YES_AGGRESSIVE;
				GCC_WARN_UNUSED_FUNCTION = YES;
				GCC_WARN_UNUSED_VARIABLE = YES;
				IPHONEOS_DEPLOYMENT_TARGET = 9.3;
				MTL_ENABLE_DEBUG_INFO = NO;
				SDKROOT = iphoneos;
				VALIDATE_PRODUCT = YES;
			};
			name = Release;
		};
		6358554E1CF4AAF300BB75CC /* Debug */ = {
			isa = XCBuildConfiguration;
			buildSettings = {
				ASSETCATALOG_COMPILER_APPICON_NAME = AppIcon;
				INFOPLIST_FILE = EmotionRecorder/Info.plist;
				LD_RUNPATH_SEARCH_PATHS = "$(inherited) @executable_path/Frameworks";
				PRODUCT_BUNDLE_IDENTIFIER = CodyLi.EmotionRecorder;
				PRODUCT_NAME = "$(TARGET_NAME)";
			};
			name = Debug;
		};
		6358554F1CF4AAF300BB75CC /* Release */ = {
			isa = XCBuildConfiguration;
			buildSettings = {
				ASSETCATALOG_COMPILER_APPICON_NAME = AppIcon;
				INFOPLIST_FILE = EmotionRecorder/Info.plist;
				LD_RUNPATH_SEARCH_PATHS = "$(inherited) @executable_path/Frameworks";
				PRODUCT_BUNDLE_IDENTIFIER = CodyLi.EmotionRecorder;
				PRODUCT_NAME = "$(TARGET_NAME)";
			};
			name = Release;
		};
/* End XCBuildConfiguration section */

/* Begin XCConfigurationList section */
		635855361CF4AAF300BB75CC /* Build configuration list for PBXProject "EmotionRecorder" */ = {
			isa = XCConfigurationList;
			buildConfigurations = (
				6358554B1CF4AAF300BB75CC /* Debug */,
				6358554C1CF4AAF300BB75CC /* Release */,
			);
			defaultConfigurationIsVisible = 0;
			defaultConfigurationName = Release;
		};
		6358554D1CF4AAF300BB75CC /* Build configuration list for PBXNativeTarget "EmotionRecorder" */ = {
			isa = XCConfigurationList;
			buildConfigurations = (
				6358554E1CF4AAF300BB75CC /* Debug */,
				6358554F1CF4AAF300BB75CC /* Release */,
			);
			defaultConfigurationIsVisible = 0;
		};
/* End XCConfigurationList section */
	};
	rootObject = 635855331CF4AAF300BB75CC /* Project object */;
}
